// !$*UTF8*$!
{
	archiveVersion = 1;
	classes = {
	};
	objectVersion = 56;
	objects = {

/* Begin PBXBuildFile section */
		CB096E4F2C4E29E90000201A /* Places.swift in Sources */ = {isa = PBXBuildFile; fileRef = CB096E4E2C4E29E90000201A /* Places.swift */; };
		CB096E512C4E2A0B0000201A /* BuidingTarget.swift in Sources */ = {isa = PBXBuildFile; fileRef = CB096E502C4E2A0B0000201A /* BuidingTarget.swift */; };
		CB096E532C4E2A340000201A /* DetailView.swift in Sources */ = {isa = PBXBuildFile; fileRef = CB096E522C4E2A340000201A /* DetailView.swift */; };
		CB096E552C4E2A4F0000201A /* ZoomableScrollView.swift in Sources */ = {isa = PBXBuildFile; fileRef = CB096E542C4E2A4F0000201A /* ZoomableScrollView.swift */; };
		CB57E5A92C4CCF8E00C6AFED /* RealityKitContent in Frameworks */ = {isa = PBXBuildFile; productRef = CB57E5A82C4CCF8E00C6AFED /* RealityKitContent */; };
		CB57E5AB2C4CCF8E00C6AFED /* Our_Farm_In_VisionOSApp.swift in Sources */ = {isa = PBXBuildFile; fileRef = CB57E5AA2C4CCF8E00C6AFED /* Our_Farm_In_VisionOSApp.swift */; };
		CB57E5AD2C4CCF8E00C6AFED /* ContentView.swift in Sources */ = {isa = PBXBuildFile; fileRef = CB57E5AC2C4CCF8E00C6AFED /* ContentView.swift */; };
		CB57E5AF2C4CCF8F00C6AFED /* Assets.xcassets in Resources */ = {isa = PBXBuildFile; fileRef = CB57E5AE2C4CCF8F00C6AFED /* Assets.xcassets */; };
		CB57E5B22C4CCF8F00C6AFED /* Preview Assets.xcassets in Resources */ = {isa = PBXBuildFile; fileRef = CB57E5B12C4CCF8F00C6AFED /* Preview Assets.xcassets */; };
/* End PBXBuildFile section */

/* Begin PBXFileReference section */
		CB096E4E2C4E29E90000201A /* Places.swift */ = {isa = PBXFileReference; fileEncoding = 4; lastKnownFileType = sourcecode.swift; path = Places.swift; sourceTree = "<group>"; };
		CB096E502C4E2A0B0000201A /* BuidingTarget.swift */ = {isa = PBXFileReference; fileEncoding = 4; lastKnownFileType = sourcecode.swift; path = BuidingTarget.swift; sourceTree = "<group>"; };
		CB096E522C4E2A340000201A /* DetailView.swift */ = {isa = PBXFileReference; fileEncoding = 4; lastKnownFileType = sourcecode.swift; path = DetailView.swift; sourceTree = "<group>"; };
		CB096E542C4E2A4F0000201A /* ZoomableScrollView.swift */ = {isa = PBXFileReference; fileEncoding = 4; lastKnownFileType = sourcecode.swift; path = ZoomableScrollView.swift; sourceTree = "<group>"; };
		CB57E5A32C4CCF8E00C6AFED /* Our Farm In VisionOS.app */ = {isa = PBXFileReference; explicitFileType = wrapper.application; includeInIndex = 0; path = "Our Farm In VisionOS.app"; sourceTree = BUILT_PRODUCTS_DIR; };
		CB57E5A72C4CCF8E00C6AFED /* RealityKitContent */ = {isa = PBXFileReference; lastKnownFileType = wrapper; path = RealityKitContent; sourceTree = "<group>"; };
		CB57E5AA2C4CCF8E00C6AFED /* Our_Farm_In_VisionOSApp.swift */ = {isa = PBXFileReference; lastKnownFileType = sourcecode.swift; path = Our_Farm_In_VisionOSApp.swift; sourceTree = "<group>"; };
		CB57E5AC2C4CCF8E00C6AFED /* ContentView.swift */ = {isa = PBXFileReference; lastKnownFileType = sourcecode.swift; path = ContentView.swift; sourceTree = "<group>"; };
		CB57E5AE2C4CCF8F00C6AFED /* Assets.xcassets */ = {isa = PBXFileReference; lastKnownFileType = folder.assetcatalog; path = Assets.xcassets; sourceTree = "<group>"; };
		CB57E5B12C4CCF8F00C6AFED /* Preview Assets.xcassets */ = {isa = PBXFileReference; lastKnownFileType = folder.assetcatalog; path = "Preview Assets.xcassets"; sourceTree = "<group>"; };
		CB57E5B32C4CCF8F00C6AFED /* Info.plist */ = {isa = PBXFileReference; lastKnownFileType = text.plist.xml; path = Info.plist; sourceTree = "<group>"; };
/* End PBXFileReference section */

/* Begin PBXFrameworksBuildPhase section */
		CB57E5A02C4CCF8E00C6AFED /* Frameworks */ = {
			isa = PBXFrameworksBuildPhase;
			buildActionMask = 2147483647;
			files = (
				CB57E5A92C4CCF8E00C6AFED /* RealityKitContent in Frameworks */,
			);
			runOnlyForDeploymentPostprocessing = 0;
		};
/* End PBXFrameworksBuildPhase section */

/* Begin PBXGroup section */
		CB57E59A2C4CCF8E00C6AFED = {
			isa = PBXGroup;
			children = (
				CB57E5A52C4CCF8E00C6AFED /* Our Farm In VisionOS */,
				CB57E5A62C4CCF8E00C6AFED /* Packages */,
				CB57E5A42C4CCF8E00C6AFED /* Products */,
			);
			sourceTree = "<group>";
		};
		CB57E5A42C4CCF8E00C6AFED /* Products */ = {
			isa = PBXGroup;
			children = (
				CB57E5A32C4CCF8E00C6AFED /* Our Farm In VisionOS.app */,
			);
			name = Products;
			sourceTree = "<group>";
		};
		CB57E5A52C4CCF8E00C6AFED /* Our Farm In VisionOS */ = {
			isa = PBXGroup;
			children = (
				CB57E5AA2C4CCF8E00C6AFED /* Our_Farm_In_VisionOSApp.swift */,
				CB096E522C4E2A340000201A /* DetailView.swift */,
				CB57E5AC2C4CCF8E00C6AFED /* ContentView.swift */,
				CB096E542C4E2A4F0000201A /* ZoomableScrollView.swift */,
				CB096E502C4E2A0B0000201A /* BuidingTarget.swift */,
				CB096E4E2C4E29E90000201A /* Places.swift */,
				CB57E5AE2C4CCF8F00C6AFED /* Assets.xcassets */,
				CB57E5B32C4CCF8F00C6AFED /* Info.plist */,
				CB57E5B02C4CCF8F00C6AFED /* Preview Content */,
			);
			path = "Our Farm In VisionOS";
			sourceTree = "<group>";
		};
		CB57E5A62C4CCF8E00C6AFED /* Packages */ = {
			isa = PBXGroup;
			children = (
				CB57E5A72C4CCF8E00C6AFED /* RealityKitContent */,
			);
			path = Packages;
			sourceTree = "<group>";
		};
		CB57E5B02C4CCF8F00C6AFED /* Preview Content */ = {
			isa = PBXGroup;
			children = (
				CB57E5B12C4CCF8F00C6AFED /* Preview Assets.xcassets */,
			);
			path = "Preview Content";
			sourceTree = "<group>";
		};
/* End PBXGroup section */

/* Begin PBXNativeTarget section */
		CB57E5A22C4CCF8E00C6AFED /* Our Farm In VisionOS */ = {
			isa = PBXNativeTarget;
			buildConfigurationList = CB57E5B62C4CCF8F00C6AFED /* Build configuration list for PBXNativeTarget "Our Farm In VisionOS" */;
			buildPhases = (
				CB57E59F2C4CCF8E00C6AFED /* Sources */,
				CB57E5A02C4CCF8E00C6AFED /* Frameworks */,
				CB57E5A12C4CCF8E00C6AFED /* Resources */,
			);
			buildRules = (
			);
			dependencies = (
			);
			name = "Our Farm In VisionOS";
			packageProductDependencies = (
				CB57E5A82C4CCF8E00C6AFED /* RealityKitContent */,
			);
			productName = "Our Farm In VisionOS";
			productReference = CB57E5A32C4CCF8E00C6AFED /* Our Farm In VisionOS.app */;
			productType = "com.apple.product-type.application";
		};
/* End PBXNativeTarget section */

/* Begin PBXProject section */
		CB57E59B2C4CCF8E00C6AFED /* Project object */ = {
			isa = PBXProject;
			attributes = {
				BuildIndependentTargetsInParallel = 1;
				LastSwiftUpdateCheck = 1540;
				LastUpgradeCheck = 1540;
				TargetAttributes = {
					CB57E5A22C4CCF8E00C6AFED = {
						CreatedOnToolsVersion = 15.4;
					};
				};
			};
			buildConfigurationList = CB57E59E2C4CCF8E00C6AFED /* Build configuration list for PBXProject "Our Farm In VisionOS" */;
			compatibilityVersion = "Xcode 14.0";
			developmentRegion = en;
			hasScannedForEncodings = 0;
			knownRegions = (
				en,
				Base,
			);
			mainGroup = CB57E59A2C4CCF8E00C6AFED;
			productRefGroup = CB57E5A42C4CCF8E00C6AFED /* Products */;
			projectDirPath = "";
			projectRoot = "";
			targets = (
				CB57E5A22C4CCF8E00C6AFED /* Our Farm In VisionOS */,
			);
		};
/* End PBXProject section */

/* Begin PBXResourcesBuildPhase section */
		CB57E5A12C4CCF8E00C6AFED /* Resources */ = {
			isa = PBXResourcesBuildPhase;
			buildActionMask = 2147483647;
			files = (
				CB57E5B22C4CCF8F00C6AFED /* Preview Assets.xcassets in Resources */,
				CB57E5AF2C4CCF8F00C6AFED /* Assets.xcassets in Resources */,
			);
			runOnlyForDeploymentPostprocessing = 0;
		};
/* End PBXResourcesBuildPhase section */

/* Begin PBXSourcesBuildPhase section */
		CB57E59F2C4CCF8E00C6AFED /* Sources */ = {
			isa = PBXSourcesBuildPhase;
			buildActionMask = 2147483647;
			files = (
				CB57E5AD2C4CCF8E00C6AFED /* ContentView.swift in Sources */,
				CB57E5AB2C4CCF8E00C6AFED /* Our_Farm_In_VisionOSApp.swift in Sources */,
				CB096E4F2C4E29E90000201A /* Places.swift in Sources */,
				CB096E532C4E2A340000201A /* DetailView.swift in Sources */,
				CB096E552C4E2A4F0000201A /* ZoomableScrollView.swift in Sources */,
				CB096E512C4E2A0B0000201A /* BuidingTarget.swift in Sources */,
			);
			runOnlyForDeploymentPostprocessing = 0;
		};
/* End PBXSourcesBuildPhase section */

/* Begin XCBuildConfiguration section */
		CB57E5B42C4CCF8F00C6AFED /* Debug */ = {
			isa = XCBuildConfiguration;
			buildSettings = {
				ALWAYS_SEARCH_USER_PATHS = NO;
				ASSETCATALOG_COMPILER_GENERATE_SWIFT_ASSET_SYMBOL_EXTENSIONS = YES;
				CLANG_ANALYZER_NONNULL = YES;
				CLANG_ANALYZER_NUMBER_OBJECT_CONVERSION = YES_AGGRESSIVE;
				CLANG_CXX_LANGUAGE_STANDARD = "gnu++20";
				CLANG_ENABLE_MODULES = YES;
				CLANG_ENABLE_OBJC_ARC = YES;
				CLANG_ENABLE_OBJC_WEAK = YES;
				CLANG_WARN_BLOCK_CAPTURE_AUTORELEASING = YES;
				CLANG_WARN_BOOL_CONVERSION = YES;
				CLANG_WARN_COMMA = YES;
				CLANG_WARN_CONSTANT_CONVERSION = YES;
				CLANG_WARN_DEPRECATED_OBJC_IMPLEMENTATIONS = YES;
				CLANG_WARN_DIRECT_OBJC_ISA_USAGE = YES_ERROR;
				CLANG_WARN_DOCUMENTATION_COMMENTS = YES;
				CLANG_WARN_EMPTY_BODY = YES;
				CLANG_WARN_ENUM_CONVERSION = YES;
				CLANG_WARN_INFINITE_RECURSION = YES;
				CLANG_WARN_INT_CONVERSION = YES;
				CLANG_WARN_NON_LITERAL_NULL_CONVERSION = YES;
				CLANG_WARN_OBJC_IMPLICIT_RETAIN_SELF = YES;
				CLANG_WARN_OBJC_LITERAL_CONVERSION = YES;
				CLANG_WARN_OBJC_ROOT_CLASS = YES_ERROR;
				CLANG_WARN_QUOTED_INCLUDE_IN_FRAMEWORK_HEADER = YES;
				CLANG_WARN_RANGE_LOOP_ANALYSIS = YES;
				CLANG_WARN_STRICT_PROTOTYPES = YES;
				CLANG_WARN_SUSPICIOUS_MOVE = YES;
				CLANG_WARN_UNGUARDED_AVAILABILITY = YES_AGGRESSIVE;
				CLANG_WARN_UNREACHABLE_CODE = YES;
				CLANG_WARN__DUPLICATE_METHOD_MATCH = YES;
				COPY_PHASE_STRIP = NO;
				DEBUG_INFORMATION_FORMAT = dwarf;
				ENABLE_STRICT_OBJC_MSGSEND = YES;
				ENABLE_TESTABILITY = YES;
				ENABLE_USER_SCRIPT_SANDBOXING = YES;
				GCC_C_LANGUAGE_STANDARD = gnu17;
				GCC_DYNAMIC_NO_PIC = NO;
				GCC_NO_COMMON_BLOCKS = YES;
				GCC_OPTIMIZATION_LEVEL = 0;
				GCC_PREPROCESSOR_DEFINITIONS = (
					"DEBUG=1",
					"$(inherited)",
				);
				GCC_WARN_64_TO_32_BIT_CONVERSION = YES;
				GCC_WARN_ABOUT_RETURN_TYPE = YES_ERROR;
				GCC_WARN_UNDECLARED_SELECTOR = YES;
				GCC_WARN_UNINITIALIZED_AUTOS = YES_AGGRESSIVE;
				GCC_WARN_UNUSED_FUNCTION = YES;
				GCC_WARN_UNUSED_VARIABLE = YES;
				LOCALIZATION_PREFERS_STRING_CATALOGS = YES;
				MTL_ENABLE_DEBUG_INFO = INCLUDE_SOURCE;
				MTL_FAST_MATH = YES;
				ONLY_ACTIVE_ARCH = YES;
				SDKROOT = xros;
				SWIFT_ACTIVE_COMPILATION_CONDITIONS = "DEBUG $(inherited)";
				SWIFT_OPTIMIZATION_LEVEL = "-Onone";
				XROS_DEPLOYMENT_TARGET = 1.2;
			};
			name = Debug;
		};
		CB57E5B52C4CCF8F00C6AFED /* Release */ = {
			isa = XCBuildConfiguration;
			buildSettings = {
				ALWAYS_SEARCH_USER_PATHS = NO;
				ASSETCATALOG_COMPILER_GENERATE_SWIFT_ASSET_SYMBOL_EXTENSIONS = YES;
				CLANG_ANALYZER_NONNULL = YES;
				CLANG_ANALYZER_NUMBER_OBJECT_CONVERSION = YES_AGGRESSIVE;
				CLANG_CXX_LANGUAGE_STANDARD = "gnu++20";
				CLANG_ENABLE_MODULES = YES;
				CLANG_ENABLE_OBJC_ARC = YES;
				CLANG_ENABLE_OBJC_WEAK = YES;
				CLANG_WARN_BLOCK_CAPTURE_AUTORELEASING = YES;
				CLANG_WARN_BOOL_CONVERSION = YES;
				CLANG_WARN_COMMA = YES;
				CLANG_WARN_CONSTANT_CONVERSION = YES;
				CLANG_WARN_DEPRECATED_OBJC_IMPLEMENTATIONS = YES;
				CLANG_WARN_DIRECT_OBJC_ISA_USAGE = YES_ERROR;
				CLANG_WARN_DOCUMENTATION_COMMENTS = YES;
				CLANG_WARN_EMPTY_BODY = YES;
				CLANG_WARN_ENUM_CONVERSION = YES;
				CLANG_WARN_INFINITE_RECURSION = YES;
				CLANG_WARN_INT_CONVERSION = YES;
				CLANG_WARN_NON_LITERAL_NULL_CONVERSION = YES;
				CLANG_WARN_OBJC_IMPLICIT_RETAIN_SELF = YES;
				CLANG_WARN_OBJC_LITERAL_CONVERSION = YES;
				CLANG_WARN_OBJC_ROOT_CLASS = YES_ERROR;
				CLANG_WARN_QUOTED_INCLUDE_IN_FRAMEWORK_HEADER = YES;
				CLANG_WARN_RANGE_LOOP_ANALYSIS = YES;
				CLANG_WARN_STRICT_PROTOTYPES = YES;
				CLANG_WARN_SUSPICIOUS_MOVE = YES;
				CLANG_WARN_UNGUARDED_AVAILABILITY = YES_AGGRESSIVE;
				CLANG_WARN_UNREACHABLE_CODE = YES;
				CLANG_WARN__DUPLICATE_METHOD_MATCH = YES;
				COPY_PHASE_STRIP = NO;
				DEBUG_INFORMATION_FORMAT = "dwarf-with-dsym";
				ENABLE_NS_ASSERTIONS = NO;
				ENABLE_STRICT_OBJC_MSGSEND = YES;
				ENABLE_USER_SCRIPT_SANDBOXING = YES;
				GCC_C_LANGUAGE_STANDARD = gnu17;
				GCC_NO_COMMON_BLOCKS = YES;
				GCC_WARN_64_TO_32_BIT_CONVERSION = YES;
				GCC_WARN_ABOUT_RETURN_TYPE = YES_ERROR;
				GCC_WARN_UNDECLARED_SELECTOR = YES;
				GCC_WARN_UNINITIALIZED_AUTOS = YES_AGGRESSIVE;
				GCC_WARN_UNUSED_FUNCTION = YES;
				GCC_WARN_UNUSED_VARIABLE = YES;
				LOCALIZATION_PREFERS_STRING_CATALOGS = YES;
				MTL_ENABLE_DEBUG_INFO = NO;
				MTL_FAST_MATH = YES;
				SDKROOT = xros;
				SWIFT_COMPILATION_MODE = wholemodule;
				VALIDATE_PRODUCT = YES;
				XROS_DEPLOYMENT_TARGET = 1.2;
			};
			name = Release;
		};
		CB57E5B72C4CCF8F00C6AFED /* Debug */ = {
			isa = XCBuildConfiguration;
			buildSettings = {
				ASSETCATALOG_COMPILER_APPICON_NAME = AppIcon;
				ASSETCATALOG_COMPILER_GLOBAL_ACCENT_COLOR_NAME = AccentColor;
				CODE_SIGN_STYLE = Automatic;
				CURRENT_PROJECT_VERSION = 1;
				DEVELOPMENT_ASSET_PATHS = "\"Our Farm In VisionOS/Preview Content\"";
				DEVELOPMENT_TEAM = 8S5G23Y9SJ;
				ENABLE_PREVIEWS = YES;
				GENERATE_INFOPLIST_FILE = YES;
				INFOPLIST_FILE = "$(TARGET_NAME)/Info.plist";
				INFOPLIST_KEY_CFBundleDisplayName = "Our Farm";
				LD_RUNPATH_SEARCH_PATHS = (
					"$(inherited)",
					"@executable_path/Frameworks",
				);
				MARKETING_VERSION = 1.0;
				PRODUCT_BUNDLE_IDENTIFIER = "kao.hananiah.Our-Farm-In-VisionOS";
				PRODUCT_NAME = "$(TARGET_NAME)";
				SUPPORTED_PLATFORMS = "xros xrsimulator";
				SWIFT_EMIT_LOC_STRINGS = YES;
				SWIFT_VERSION = 5.0;
				TARGETED_DEVICE_FAMILY = "1,2,7";
			};
			name = Debug;
		};
		CB57E5B82C4CCF8F00C6AFED /* Release */ = {
			isa = XCBuildConfiguration;
			buildSettings = {
				ASSETCATALOG_COMPILER_APPICON_NAME = AppIcon;
				ASSETCATALOG_COMPILER_GLOBAL_ACCENT_COLOR_NAME = AccentColor;
				CODE_SIGN_STYLE = Automatic;
				CURRENT_PROJECT_VERSION = 1;
				DEVELOPMENT_ASSET_PATHS = "\"Our Farm In VisionOS/Preview Content\"";
				DEVELOPMENT_TEAM = 8S5G23Y9SJ;
				ENABLE_PREVIEWS = YES;
				GENERATE_INFOPLIST_FILE = YES;
				INFOPLIST_FILE = "$(TARGET_NAME)/Info.plist";
				INFOPLIST_KEY_CFBundleDisplayName = "Our Farm";
				LD_RUNPATH_SEARCH_PATHS = (
					"$(inherited)",
					"@executable_path/Frameworks",
				);
				MARKETING_VERSION = 1.0;
				PRODUCT_BUNDLE_IDENTIFIER = "kao.hananiah.Our-Farm-In-VisionOS";
				PRODUCT_NAME = "$(TARGET_NAME)";
				SUPPORTED_PLATFORMS = "xros xrsimulator";
				SWIFT_EMIT_LOC_STRINGS = YES;
				SWIFT_VERSION = 5.0;
				TARGETED_DEVICE_FAMILY = "1,2,7";
			};
			name = Release;
		};
/* End XCBuildConfiguration section */

/* Begin XCConfigurationList section */
		CB57E59E2C4CCF8E00C6AFED /* Build configuration list for PBXProject "Our Farm In VisionOS" */ = {
			isa = XCConfigurationList;
			buildConfigurations = (
				CB57E5B42C4CCF8F00C6AFED /* Debug */,
				CB57E5B52C4CCF8F00C6AFED /* Release */,
			);
			defaultConfigurationIsVisible = 0;
			defaultConfigurationName = Release;
		};
		CB57E5B62C4CCF8F00C6AFED /* Build configuration list for PBXNativeTarget "Our Farm In VisionOS" */ = {
			isa = XCConfigurationList;
			buildConfigurations = (
				CB57E5B72C4CCF8F00C6AFED /* Debug */,
				CB57E5B82C4CCF8F00C6AFED /* Release */,
			);
			defaultConfigurationIsVisible = 0;
			defaultConfigurationName = Release;
		};
/* End XCConfigurationList section */

/* Begin XCSwiftPackageProductDependency section */
		CB57E5A82C4CCF8E00C6AFED /* RealityKitContent */ = {
			isa = XCSwiftPackageProductDependency;
			productName = RealityKitContent;
		};
/* End XCSwiftPackageProductDependency section */
	};
	rootObject = CB57E59B2C4CCF8E00C6AFED /* Project object */;
}
